
Microsoft Visual Studio Solution File, Format Version 12.00
# Visual Studio Version 16
VisualStudioVersion = 16.0.30621.155
MinimumVisualStudioVersion = 10.0.40219.1
Project("{9A19103F-16F7-4668-BE54-9A1E7A4F7556}") = "EWebApp", "EWebApp\EWebApp.csproj", "{146C975D-DDE0-48D1-AC03-026EB344A663}"
EndProject
Project("{9A19103F-16F7-4668-BE54-9A1E7A4F7556}") = "EWebApp.BLL", "EWebApp.BLL\EWebApp.BLL.csproj", "{4C61B30E-7634-4F52-A182-B8CCFEC71802}"
EndProject
Project("{9A19103F-16F7-4668-BE54-9A1E7A4F7556}") = "EWebApp.DAL", "EWebApp.DAL\EWebApp.DAL.csproj", "{5832C1AC-D504-480E-9230-5BA9D28AE639}"
EndProject
Project("{9A19103F-16F7-4668-BE54-9A1E7A4F7556}") = "ConsoleAppPlayground", "ConsoleAppPlayground\ConsoleAppPlayground.csproj", "{669EDD04-35DD-4624-8E5A-E1B4D1B6E734}"
EndProject
Project("{8BC9CEB8-8B4A-11D0-8D11-00A0C91BC942}") = "CppApp", "CppApp\CppApp.vcxproj", "{2DF32D95-738E-4C40-A28B-C009B0BD2CD6}"
EndProject
Project("{F2A71F9B-5D33-465A-A702-920D77279786}") = "ConsoleFS", "ConsoleAppFS\ConsoleFS.fsproj", "{327FD695-8227-4F2C-9128-B79C26C323AD}"
EndProject
Project("{FAE04EC0-301F-11D3-BF4B-00C04F79EFBC}") = "MathAppAsp", "MathAppAsp\MathAppAsp.csproj", "{144DF598-D2E6-46F9-AB27-BFF22962A10B}"
EndProject
Project("{FAE04EC0-301F-11D3-BF4B-00C04F79EFBC}") = "XamarinApp.Android", "XamarinApp\XamarinApp.Android\XamarinApp.Android.csproj", "{7858DFE9-9963-4716-B102-8E218DB546BD}"
EndProject
Project("{FAE04EC0-301F-11D3-BF4B-00C04F79EFBC}") = "XamarinApp.iOS", "XamarinApp\XamarinApp.iOS\XamarinApp.iOS.csproj", "{67378806-5BD7-4A73-A6F7-D37FF9385452}"
EndProject
Project("{FAE04EC0-301F-11D3-BF4B-00C04F79EFBC}") = "XamarinApp", "XamarinApp\XamarinApp\XamarinApp.csproj", "{05EFC714-3FE8-41CF-9570-AC86A615C680}"
EndProject
Global
	GlobalSection(SolutionConfigurationPlatforms) = preSolution
		Debug|Any CPU = Debug|Any CPU
		Debug|iPhone = Debug|iPhone
		Debug|iPhoneSimulator = Debug|iPhoneSimulator
		Debug|x64 = Debug|x64
		Debug|x86 = Debug|x86
		Release|Any CPU = Release|Any CPU
		Release|iPhone = Release|iPhone
		Release|iPhoneSimulator = Release|iPhoneSimulator
		Release|x64 = Release|x64
		Release|x86 = Release|x86
	EndGlobalSection
	GlobalSection(ProjectConfigurationPlatforms) = postSolution
		{146C975D-DDE0-48D1-AC03-026EB344A663}.Debug|Any CPU.ActiveCfg = Debug|Any CPU
		{146C975D-DDE0-48D1-AC03-026EB344A663}.Debug|Any CPU.Build.0 = Debug|Any CPU
		{146C975D-DDE0-48D1-AC03-026EB344A663}.Debug|iPhone.ActiveCfg = Debug|Any CPU
		{146C975D-DDE0-48D1-AC03-026EB344A663}.Debug|iPhone.Build.0 = Debug|Any CPU
		{146C975D-DDE0-48D1-AC03-026EB344A663}.Debug|iPhoneSimulator.ActiveCfg = Debug|Any CPU
		{146C975D-DDE0-48D1-AC03-026EB344A663}.Debug|iPhoneSimulator.Build.0 = Debug|Any CPU
		{146C975D-DDE0-48D1-AC03-026EB344A663}.Debug|x64.ActiveCfg = Debug|Any CPU
		{146C975D-DDE0-48D1-AC03-026EB344A663}.Debug|x64.Build.0 = Debug|Any CPU
		{146C975D-DDE0-48D1-AC03-026EB344A663}.Debug|x86.ActiveCfg = Debug|Any CPU
		{146C975D-DDE0-48D1-AC03-026EB344A663}.Debug|x86.Build.0 = Debug|Any CPU
		{146C975D-DDE0-48D1-AC03-026EB344A663}.Release|Any CPU.ActiveCfg = Release|Any CPU
		{146C975D-DDE0-48D1-AC03-026EB344A663}.Release|Any CPU.Build.0 = Release|Any CPU
		{146C975D-DDE0-48D1-AC03-026EB344A663}.Release|iPhone.ActiveCfg = Release|Any CPU
		{146C975D-DDE0-48D1-AC03-026EB344A663}.Release|iPhone.Build.0 = Release|Any CPU
		{146C975D-DDE0-48D1-AC03-026EB344A663}.Release|iPhoneSimulator.ActiveCfg = Release|Any CPU
		{146C975D-DDE0-48D1-AC03-026EB344A663}.Release|iPhoneSimulator.Build.0 = Release|Any CPU
		{146C975D-DDE0-48D1-AC03-026EB344A663}.Release|x64.ActiveCfg = Release|Any CPU
		{146C975D-DDE0-48D1-AC03-026EB344A663}.Release|x64.Build.0 = Release|Any CPU
		{146C975D-DDE0-48D1-AC03-026EB344A663}.Release|x86.ActiveCfg = Release|Any CPU
		{146C975D-DDE0-48D1-AC03-026EB344A663}.Release|x86.Build.0 = Release|Any CPU
		{4C61B30E-7634-4F52-A182-B8CCFEC71802}.Debug|Any CPU.ActiveCfg = Debug|Any CPU
		{4C61B30E-7634-4F52-A182-B8CCFEC71802}.Debug|Any CPU.Build.0 = Debug|Any CPU
		{4C61B30E-7634-4F52-A182-B8CCFEC71802}.Debug|iPhone.ActiveCfg = Debug|Any CPU
		{4C61B30E-7634-4F52-A182-B8CCFEC71802}.Debug|iPhone.Build.0 = Debug|Any CPU
		{4C61B30E-7634-4F52-A182-B8CCFEC71802}.Debug|iPhoneSimulator.ActiveCfg = Debug|Any CPU
		{4C61B30E-7634-4F52-A182-B8CCFEC71802}.Debug|iPhoneSimulator.Build.0 = Debug|Any CPU
		{4C61B30E-7634-4F52-A182-B8CCFEC71802}.Debug|x64.ActiveCfg = Debug|Any CPU
		{4C61B30E-7634-4F52-A182-B8CCFEC71802}.Debug|x64.Build.0 = Debug|Any CPU
		{4C61B30E-7634-4F52-A182-B8CCFEC71802}.Debug|x86.ActiveCfg = Debug|Any CPU
		{4C61B30E-7634-4F52-A182-B8CCFEC71802}.Debug|x86.Build.0 = Debug|Any CPU
		{4C61B30E-7634-4F52-A182-B8CCFEC71802}.Release|Any CPU.ActiveCfg = Release|Any CPU
		{4C61B30E-7634-4F52-A182-B8CCFEC71802}.Release|Any CPU.Build.0 = Release|Any CPU
		{4C61B30E-7634-4F52-A182-B8CCFEC71802}.Release|iPhone.ActiveCfg = Release|Any CPU
		{4C61B30E-7634-4F52-A182-B8CCFEC71802}.Release|iPhone.Build.0 = Release|Any CPU
		{4C61B30E-7634-4F52-A182-B8CCFEC71802}.Release|iPhoneSimulator.ActiveCfg = Release|Any CPU
		{4C61B30E-7634-4F52-A182-B8CCFEC71802}.Release|iPhoneSimulator.Build.0 = Release|Any CPU
		{4C61B30E-7634-4F52-A182-B8CCFEC71802}.Release|x64.ActiveCfg = Release|Any CPU
		{4C61B30E-7634-4F52-A182-B8CCFEC71802}.Release|x64.Build.0 = Release|Any CPU
		{4C61B30E-7634-4F52-A182-B8CCFEC71802}.Release|x86.ActiveCfg = Release|Any CPU
		{4C61B30E-7634-4F52-A182-B8CCFEC71802}.Release|x86.Build.0 = Release|Any CPU
		{5832C1AC-D504-480E-9230-5BA9D28AE639}.Debug|Any CPU.ActiveCfg = Debug|Any CPU
		{5832C1AC-D504-480E-9230-5BA9D28AE639}.Debug|Any CPU.Build.0 = Debug|Any CPU
		{5832C1AC-D504-480E-9230-5BA9D28AE639}.Debug|iPhone.ActiveCfg = Debug|Any CPU
		{5832C1AC-D504-480E-9230-5BA9D28AE639}.Debug|iPhone.Build.0 = Debug|Any CPU
		{5832C1AC-D504-480E-9230-5BA9D28AE639}.Debug|iPhoneSimulator.ActiveCfg = Debug|Any CPU
		{5832C1AC-D504-480E-9230-5BA9D28AE639}.Debug|iPhoneSimulator.Build.0 = Debug|Any CPU
		{5832C1AC-D504-480E-9230-5BA9D28AE639}.Debug|x64.ActiveCfg = Debug|Any CPU
		{5832C1AC-D504-480E-9230-5BA9D28AE639}.Debug|x64.Build.0 = Debug|Any CPU
		{5832C1AC-D504-480E-9230-5BA9D28AE639}.Debug|x86.ActiveCfg = Debug|Any CPU
		{5832C1AC-D504-480E-9230-5BA9D28AE639}.Debug|x86.Build.0 = Debug|Any CPU
		{5832C1AC-D504-480E-9230-5BA9D28AE639}.Release|Any CPU.ActiveCfg = Release|Any CPU
		{5832C1AC-D504-480E-9230-5BA9D28AE639}.Release|Any CPU.Build.0 = Release|Any CPU
		{5832C1AC-D504-480E-9230-5BA9D28AE639}.Release|iPhone.ActiveCfg = Release|Any CPU
		{5832C1AC-D504-480E-9230-5BA9D28AE639}.Release|iPhone.Build.0 = Release|Any CPU
		{5832C1AC-D504-480E-9230-5BA9D28AE639}.Release|iPhoneSimulator.ActiveCfg = Release|Any CPU
		{5832C1AC-D504-480E-9230-5BA9D28AE639}.Release|iPhoneSimulator.Build.0 = Release|Any CPU
		{5832C1AC-D504-480E-9230-5BA9D28AE639}.Release|x64.ActiveCfg = Release|Any CPU
		{5832C1AC-D504-480E-9230-5BA9D28AE639}.Release|x64.Build.0 = Release|Any CPU
		{5832C1AC-D504-480E-9230-5BA9D28AE639}.Release|x86.ActiveCfg = Release|Any CPU
		{5832C1AC-D504-480E-9230-5BA9D28AE639}.Release|x86.Build.0 = Release|Any CPU
		{669EDD04-35DD-4624-8E5A-E1B4D1B6E734}.Debug|Any CPU.ActiveCfg = Debug|Any CPU
		{669EDD04-35DD-4624-8E5A-E1B4D1B6E734}.Debug|Any CPU.Build.0 = Debug|Any CPU
		{669EDD04-35DD-4624-8E5A-E1B4D1B6E734}.Debug|iPhone.ActiveCfg = Debug|Any CPU
		{669EDD04-35DD-4624-8E5A-E1B4D1B6E734}.Debug|iPhone.Build.0 = Debug|Any CPU
		{669EDD04-35DD-4624-8E5A-E1B4D1B6E734}.Debug|iPhoneSimulator.ActiveCfg = Debug|Any CPU
		{669EDD04-35DD-4624-8E5A-E1B4D1B6E734}.Debug|iPhoneSimulator.Build.0 = Debug|Any CPU
		{669EDD04-35DD-4624-8E5A-E1B4D1B6E734}.Debug|x64.ActiveCfg = Debug|Any CPU
		{669EDD04-35DD-4624-8E5A-E1B4D1B6E734}.Debug|x64.Build.0 = Debug|Any CPU
		{669EDD04-35DD-4624-8E5A-E1B4D1B6E734}.Debug|x86.ActiveCfg = Debug|Any CPU
		{669EDD04-35DD-4624-8E5A-E1B4D1B6E734}.Debug|x86.Build.0 = Debug|Any CPU
		{669EDD04-35DD-4624-8E5A-E1B4D1B6E734}.Release|Any CPU.ActiveCfg = Release|Any CPU
		{669EDD04-35DD-4624-8E5A-E1B4D1B6E734}.Release|Any CPU.Build.0 = Release|Any CPU
		{669EDD04-35DD-4624-8E5A-E1B4D1B6E734}.Release|iPhone.ActiveCfg = Release|Any CPU
		{669EDD04-35DD-4624-8E5A-E1B4D1B6E734}.Release|iPhone.Build.0 = Release|Any CPU
		{669EDD04-35DD-4624-8E5A-E1B4D1B6E734}.Release|iPhoneSimulator.ActiveCfg = Release|Any CPU
		{669EDD04-35DD-4624-8E5A-E1B4D1B6E734}.Release|iPhoneSimulator.Build.0 = Release|Any CPU
		{669EDD04-35DD-4624-8E5A-E1B4D1B6E734}.Release|x64.ActiveCfg = Release|Any CPU
		{669EDD04-35DD-4624-8E5A-E1B4D1B6E734}.Release|x64.Build.0 = Release|Any CPU
		{669EDD04-35DD-4624-8E5A-E1B4D1B6E734}.Release|x86.ActiveCfg = Release|Any CPU
		{669EDD04-35DD-4624-8E5A-E1B4D1B6E734}.Release|x86.Build.0 = Release|Any CPU
		{2DF32D95-738E-4C40-A28B-C009B0BD2CD6}.Debug|Any CPU.ActiveCfg = Debug|Win32
		{2DF32D95-738E-4C40-A28B-C009B0BD2CD6}.Debug|iPhone.ActiveCfg = Debug|Win32
		{2DF32D95-738E-4C40-A28B-C009B0BD2CD6}.Debug|iPhoneSimulator.ActiveCfg = Debug|Win32
		{2DF32D95-738E-4C40-A28B-C009B0BD2CD6}.Debug|x64.ActiveCfg = Debug|x64
		{2DF32D95-738E-4C40-A28B-C009B0BD2CD6}.Debug|x64.Build.0 = Debug|x64
		{2DF32D95-738E-4C40-A28B-C009B0BD2CD6}.Debug|x86.ActiveCfg = Debug|Win32
		{2DF32D95-738E-4C40-A28B-C009B0BD2CD6}.Debug|x86.Build.0 = Debug|Win32
		{2DF32D95-738E-4C40-A28B-C009B0BD2CD6}.Release|Any CPU.ActiveCfg = Release|Win32
		{2DF32D95-738E-4C40-A28B-C009B0BD2CD6}.Release|iPhone.ActiveCfg = Release|Win32
		{2DF32D95-738E-4C40-A28B-C009B0BD2CD6}.Release|iPhoneSimulator.ActiveCfg = Release|Win32
		{2DF32D95-738E-4C40-A28B-C009B0BD2CD6}.Release|x64.ActiveCfg = Release|x64
		{2DF32D95-738E-4C40-A28B-C009B0BD2CD6}.Release|x64.Build.0 = Release|x64
		{2DF32D95-738E-4C40-A28B-C009B0BD2CD6}.Release|x86.ActiveCfg = Release|Win32
		{2DF32D95-738E-4C40-A28B-C009B0BD2CD6}.Release|x86.Build.0 = Release|Win32
		{327FD695-8227-4F2C-9128-B79C26C323AD}.Debug|Any CPU.ActiveCfg = Debug|Any CPU
		{327FD695-8227-4F2C-9128-B79C26C323AD}.Debug|Any CPU.Build.0 = Debug|Any CPU
		{327FD695-8227-4F2C-9128-B79C26C323AD}.Debug|iPhone.ActiveCfg = Debug|Any CPU
		{327FD695-8227-4F2C-9128-B79C26C323AD}.Debug|iPhone.Build.0 = Debug|Any CPU
		{327FD695-8227-4F2C-9128-B79C26C323AD}.Debug|iPhoneSimulator.ActiveCfg = Debug|Any CPU
		{327FD695-8227-4F2C-9128-B79C26C323AD}.Debug|iPhoneSimulator.Build.0 = Debug|Any CPU
		{327FD695-8227-4F2C-9128-B79C26C323AD}.Debug|x64.ActiveCfg = Debug|Any CPU
		{327FD695-8227-4F2C-9128-B79C26C323AD}.Debug|x64.Build.0 = Debug|Any CPU
		{327FD695-8227-4F2C-9128-B79C26C323AD}.Debug|x86.ActiveCfg = Debug|Any CPU
		{327FD695-8227-4F2C-9128-B79C26C323AD}.Debug|x86.Build.0 = Debug|Any CPU
		{327FD695-8227-4F2C-9128-B79C26C323AD}.Release|Any CPU.ActiveCfg = Release|Any CPU
		{327FD695-8227-4F2C-9128-B79C26C323AD}.Release|Any CPU.Build.0 = Release|Any CPU
		{327FD695-8227-4F2C-9128-B79C26C323AD}.Release|iPhone.ActiveCfg = Release|Any CPU
		{327FD695-8227-4F2C-9128-B79C26C323AD}.Release|iPhone.Build.0 = Release|Any CPU
		{327FD695-8227-4F2C-9128-B79C26C323AD}.Release|iPhoneSimulator.ActiveCfg = Release|Any CPU
		{327FD695-8227-4F2C-9128-B79C26C323AD}.Release|iPhoneSimulator.Build.0 = Release|Any CPU
		{327FD695-8227-4F2C-9128-B79C26C323AD}.Release|x64.ActiveCfg = Release|Any CPU
		{327FD695-8227-4F2C-9128-B79C26C323AD}.Release|x64.Build.0 = Release|Any CPU
		{327FD695-8227-4F2C-9128-B79C26C323AD}.Release|x86.ActiveCfg = Release|Any CPU
		{327FD695-8227-4F2C-9128-B79C26C323AD}.Release|x86.Build.0 = Release|Any CPU
		{144DF598-D2E6-46F9-AB27-BFF22962A10B}.Debug|Any CPU.ActiveCfg = Debug|Any CPU
		{144DF598-D2E6-46F9-AB27-BFF22962A10B}.Debug|Any CPU.Build.0 = Debug|Any CPU
		{144DF598-D2E6-46F9-AB27-BFF22962A10B}.Debug|iPhone.ActiveCfg = Debug|Any CPU
		{144DF598-D2E6-46F9-AB27-BFF22962A10B}.Debug|iPhone.Build.0 = Debug|Any CPU
		{144DF598-D2E6-46F9-AB27-BFF22962A10B}.Debug|iPhoneSimulator.ActiveCfg = Debug|Any CPU
		{144DF598-D2E6-46F9-AB27-BFF22962A10B}.Debug|iPhoneSimulator.Build.0 = Debug|Any CPU
		{144DF598-D2E6-46F9-AB27-BFF22962A10B}.Debug|x64.ActiveCfg = Debug|Any CPU
		{144DF598-D2E6-46F9-AB27-BFF22962A10B}.Debug|x64.Build.0 = Debug|Any CPU
		{144DF598-D2E6-46F9-AB27-BFF22962A10B}.Debug|x86.ActiveCfg = Debug|Any CPU
		{144DF598-D2E6-46F9-AB27-BFF22962A10B}.Debug|x86.Build.0 = Debug|Any CPU
		{144DF598-D2E6-46F9-AB27-BFF22962A10B}.Release|Any CPU.ActiveCfg = Release|Any CPU
		{144DF598-D2E6-46F9-AB27-BFF22962A10B}.Release|Any CPU.Build.0 = Release|Any CPU
		{144DF598-D2E6-46F9-AB27-BFF22962A10B}.Release|iPhone.ActiveCfg = Release|Any CPU
		{144DF598-D2E6-46F9-AB27-BFF22962A10B}.Release|iPhone.Build.0 = Release|Any CPU
		{144DF598-D2E6-46F9-AB27-BFF22962A10B}.Release|iPhoneSimulator.ActiveCfg = Release|Any CPU
		{144DF598-D2E6-46F9-AB27-BFF22962A10B}.Release|iPhoneSimulator.Build.0 = Release|Any CPU
		{144DF598-D2E6-46F9-AB27-BFF22962A10B}.Release|x64.ActiveCfg = Release|Any CPU
		{144DF598-D2E6-46F9-AB27-BFF22962A10B}.Release|x64.Build.0 = Release|Any CPU
		{144DF598-D2E6-46F9-AB27-BFF22962A10B}.Release|x86.ActiveCfg = Release|Any CPU
		{144DF598-D2E6-46F9-AB27-BFF22962A10B}.Release|x86.Build.0 = Release|Any CPU
		{7858DFE9-9963-4716-B102-8E218DB546BD}.Debug|Any CPU.ActiveCfg = Debug|Any CPU
		{7858DFE9-9963-4716-B102-8E218DB546BD}.Debug|Any CPU.Build.0 = Debug|Any CPU
		{7858DFE9-9963-4716-B102-8E218DB546BD}.Debug|Any CPU.Deploy.0 = Debug|Any CPU
		{7858DFE9-9963-4716-B102-8E218DB546BD}.Debug|iPhone.ActiveCfg = Debug|Any CPU
		{7858DFE9-9963-4716-B102-8E218DB546BD}.Debug|iPhone.Build.0 = Debug|Any CPU
		{7858DFE9-9963-4716-B102-8E218DB546BD}.Debug|iPhone.Deploy.0 = Debug|Any CPU
		{7858DFE9-9963-4716-B102-8E218DB546BD}.Debug|iPhoneSimulator.ActiveCfg = Debug|Any CPU
		{7858DFE9-9963-4716-B102-8E218DB546BD}.Debug|iPhoneSimulator.Build.0 = Debug|Any CPU
		{7858DFE9-9963-4716-B102-8E218DB546BD}.Debug|iPhoneSimulator.Deploy.0 = Debug|Any CPU
		{7858DFE9-9963-4716-B102-8E218DB546BD}.Debug|x64.ActiveCfg = Debug|Any CPU
		{7858DFE9-9963-4716-B102-8E218DB546BD}.Debug|x64.Build.0 = Debug|Any CPU
		{7858DFE9-9963-4716-B102-8E218DB546BD}.Debug|x64.Deploy.0 = Debug|Any CPU
		{7858DFE9-9963-4716-B102-8E218DB546BD}.Debug|x86.ActiveCfg = Debug|Any CPU
		{7858DFE9-9963-4716-B102-8E218DB546BD}.Debug|x86.Build.0 = Debug|Any CPU
		{7858DFE9-9963-4716-B102-8E218DB546BD}.Debug|x86.Deploy.0 = Debug|Any CPU
		{7858DFE9-9963-4716-B102-8E218DB546BD}.Release|Any CPU.ActiveCfg = Release|Any CPU
		{7858DFE9-9963-4716-B102-8E218DB546BD}.Release|Any CPU.Build.0 = Release|Any CPU
		{7858DFE9-9963-4716-B102-8E218DB546BD}.Release|Any CPU.Deploy.0 = Release|Any CPU
		{7858DFE9-9963-4716-B102-8E218DB546BD}.Release|iPhone.ActiveCfg = Release|Any CPU
		{7858DFE9-9963-4716-B102-8E218DB546BD}.Release|iPhone.Build.0 = Release|Any CPU
		{7858DFE9-9963-4716-B102-8E218DB546BD}.Release|iPhone.Deploy.0 = Release|Any CPU
		{7858DFE9-9963-4716-B102-8E218DB546BD}.Release|iPhoneSimulator.ActiveCfg = Release|Any CPU
		{7858DFE9-9963-4716-B102-8E218DB546BD}.Release|iPhoneSimulator.Build.0 = Release|Any CPU
		{7858DFE9-9963-4716-B102-8E218DB546BD}.Release|iPhoneSimulator.Deploy.0 = Release|Any CPU
		{7858DFE9-9963-4716-B102-8E218DB546BD}.Release|x64.ActiveCfg = Release|Any CPU
		{7858DFE9-9963-4716-B102-8E218DB546BD}.Release|x64.Build.0 = Release|Any CPU
		{7858DFE9-9963-4716-B102-8E218DB546BD}.Release|x64.Deploy.0 = Release|Any CPU
		{7858DFE9-9963-4716-B102-8E218DB546BD}.Release|x86.ActiveCfg = Release|Any CPU
		{7858DFE9-9963-4716-B102-8E218DB546BD}.Release|x86.Build.0 = Release|Any CPU
		{7858DFE9-9963-4716-B102-8E218DB546BD}.Release|x86.Deploy.0 = Release|Any CPU
		{67378806-5BD7-4A73-A6F7-D37FF9385452}.Debug|Any CPU.ActiveCfg = Debug|iPhoneSimulator
		{67378806-5BD7-4A73-A6F7-D37FF9385452}.Debug|iPhone.ActiveCfg = Debug|iPhone
		{67378806-5BD7-4A73-A6F7-D37FF9385452}.Debug|iPhone.Build.0 = Debug|iPhone
		{67378806-5BD7-4A73-A6F7-D37FF9385452}.Debug|iPhoneSimulator.ActiveCfg = Debug|iPhoneSimulator
		{67378806-5BD7-4A73-A6F7-D37FF9385452}.Debug|iPhoneSimulator.Build.0 = Debug|iPhoneSimulator
		{67378806-5BD7-4A73-A6F7-D37FF9385452}.Debug|x64.ActiveCfg = Debug|iPhoneSimulator
		{67378806-5BD7-4A73-A6F7-D37FF9385452}.Debug|x86.ActiveCfg = Debug|iPhoneSimulator
		{67378806-5BD7-4A73-A6F7-D37FF9385452}.Release|Any CPU.ActiveCfg = Release|iPhoneSimulator
		{67378806-5BD7-4A73-A6F7-D37FF9385452}.Release|iPhone.ActiveCfg = Release|iPhone
		{67378806-5BD7-4A73-A6F7-D37FF9385452}.Release|iPhone.Build.0 = Release|iPhone
		{67378806-5BD7-4A73-A6F7-D37FF9385452}.Release|iPhoneSimulator.ActiveCfg = Release|iPhoneSimulator
		{67378806-5BD7-4A73-A6F7-D37FF9385452}.Release|iPhoneSimulator.Build.0 = Release|iPhoneSimulator
		{67378806-5BD7-4A73-A6F7-D37FF9385452}.Release|x64.ActiveCfg = Release|iPhoneSimulator
		{67378806-5BD7-4A73-A6F7-D37FF9385452}.Release|x86.ActiveCfg = Release|iPhoneSimulator
		{05EFC714-3FE8-41CF-9570-AC86A615C680}.Debug|Any CPU.ActiveCfg = Debug|Any CPU
		{05EFC714-3FE8-41CF-9570-AC86A615C680}.Debug|Any CPU.Build.0 = Debug|Any CPU
		{05EFC714-3FE8-41CF-9570-AC86A615C680}.Debug|iPhone.ActiveCfg = Debug|Any CPU
		{05EFC714-3FE8-41CF-9570-AC86A615C680}.Debug|iPhone.Build.0 = Debug|Any CPU
		{05EFC714-3FE8-41CF-9570-AC86A615C680}.Debug|iPhoneSimulator.ActiveCfg = Debug|Any CPU
		{05EFC714-3FE8-41CF-9570-AC86A615C680}.Debug|iPhoneSimulator.Build.0 = Debug|Any CPU
		{05EFC714-3FE8-41CF-9570-AC86A615C680}.Debug|x64.ActiveCfg = Debug|Any CPU
		{05EFC714-3FE8-41CF-9570-AC86A615C680}.Debug|x64.Build.0 = Debug|Any CPU
		{05EFC714-3FE8-41CF-9570-AC86A615C680}.Debug|x86.ActiveCfg = Debug|Any CPU
		{05EFC714-3FE8-41CF-9570-AC86A615C680}.Debug|x86.Build.0 = Debug|Any CPU
		{05EFC714-3FE8-41CF-9570-AC86A615C680}.Release|Any CPU.ActiveCfg = Release|Any CPU
		{05EFC714-3FE8-41CF-9570-AC86A615C680}.Release|Any CPU.Build.0 = Release|Any CPU
		{05EFC714-3FE8-41CF-9570-AC86A615C680}.Release|iPhone.ActiveCfg = Release|Any CPU
		{05EFC714-3FE8-41CF-9570-AC86A615C680}.Release|iPhone.Build.0 = Release|Any CPU
		{05EFC714-3FE8-41CF-9570-AC86A615C680}.Release|iPhoneSimulator.ActiveCfg = Release|Any CPU
		{05EFC714-3FE8-41CF-9570-AC86A615C680}.Release|iPhoneSimulator.Build.0 = Release|Any CPU
		{05EFC714-3FE8-41CF-9570-AC86A615C680}.Release|x64.ActiveCfg = Release|Any CPU
		{05EFC714-3FE8-41CF-9570-AC86A615C680}.Release|x64.Build.0 = Release|Any CPU
		{05EFC714-3FE8-41CF-9570-AC86A615C680}.Release|x86.ActiveCfg = Release|Any CPU
		{05EFC714-3FE8-41CF-9570-AC86A615C680}.Release|x86.Build.0 = Release|Any CPU
	EndGlobalSection
	GlobalSection(SolutionProperties) = preSolution
		HideSolutionNode = FALSE
	EndGlobalSection
	GlobalSection(ExtensibilityGlobals) = postSolution
		SolutionGuid = {2EC7A19A-CC37-4B18-AB37-4D1E257F5E7B}
	EndGlobalSection
EndGlobal
